// !$*UTF8*$!
{
	archiveVersion = 1;
	classes = {
	};
	objectVersion = 77;
	objects = {

/* Begin PBXBuildFile section */
		FB22BF752D53A3AF003DBF28 /* Assets.xcassets in Resources */ = {isa = PBXBuildFile; fileRef = FB22BF702D53A3AF003DBF28 /* Assets.xcassets */; };
		FB22BF762D53A3AF003DBF28 /* ContentView.swift in Sources */ = {isa = PBXBuildFile; fileRef = FB22BF712D53A3AF003DBF28 /* ContentView.swift */; };
		FB22BF772D53A3AF003DBF28 /* MuMuDuckApp.swift in Sources */ = {isa = PBXBuildFile; fileRef = FB22BF722D53A3AF003DBF28 /* MuMuDuckApp.swift */; };
		FB22BF7A2D53A3B6003DBF28 /* MuMuDuckTests.swift in Sources */ = {isa = PBXBuildFile; fileRef = FB22BF782D53A3B6003DBF28 /* MuMuDuckTests.swift */; };
		FB22BF7E2D53A3B8003DBF28 /* MuMuDuckUITests.swift in Sources */ = {isa = PBXBuildFile; fileRef = FB22BF7B2D53A3B8003DBF28 /* MuMuDuckUITests.swift */; };
		FB22BF7F2D53A3B8003DBF28 /* MuMuDuckUITestsLaunchTests.swift in Sources */ = {isa = PBXBuildFile; fileRef = FB22BF7C2D53A3B8003DBF28 /* MuMuDuckUITestsLaunchTests.swift */; };
		FB22BF9C2D55108B003DBF28 /* Event.swift in Sources */ = {isa = PBXBuildFile; fileRef = FB22BF9B2D551089003DBF28 /* Event.swift */; };
		FB22BFB62D553989003DBF28 /* EventRepository.swift in Sources */ = {isa = PBXBuildFile; fileRef = FB22BFB52D553979003DBF28 /* EventRepository.swift */; };
		FB22BFB82D563BA6003DBF28 /* DefaultEventRepository.swift in Sources */ = {isa = PBXBuildFile; fileRef = FB22BFB72D563B9F003DBF28 /* DefaultEventRepository.swift */; };
		FB22BFC02D564B5B003DBF28 /* RetrieveDateEventUsecase.swift in Sources */ = {isa = PBXBuildFile; fileRef = FB22BFBF2D5648F4003DBF28 /* RetrieveDateEventUsecase.swift */; };
		FB22BFC22D564BE8003DBF28 /* RetrieveDateEventUsecaseTests.swift in Sources */ = {isa = PBXBuildFile; fileRef = FB22BFC12D564BD2003DBF28 /* RetrieveDateEventUsecaseTests.swift */; };
		FB46D9772D661FF0004D75B0 /* WeeklyDayView.swift in Sources */ = {isa = PBXBuildFile; fileRef = FB46D9762D661FE3004D75B0 /* WeeklyDayView.swift */; };
		FB46D9792D662610004D75B0 /* MiniCalendarWeeklyEventView.swift in Sources */ = {isa = PBXBuildFile; fileRef = FB46D9782D662605004D75B0 /* MiniCalendarWeeklyEventView.swift */; };
		FB46D97B2D6628C2004D75B0 /* BigCalendarWeeklyEventView.swift in Sources */ = {isa = PBXBuildFile; fileRef = FB46D97A2D6628BA004D75B0 /* BigCalendarWeeklyEventView.swift */; };
		FB46D97D2D662D2D004D75B0 /* MiniCalendarBottomEventView.swift in Sources */ = {isa = PBXBuildFile; fileRef = FB46D97C2D662D22004D75B0 /* MiniCalendarBottomEventView.swift */; };
		FB48A19C2D61007B002AAB05 /* RetrieveWeekEventUsecases.swift in Sources */ = {isa = PBXBuildFile; fileRef = FB48A19B2D61007B002AAB05 /* RetrieveWeekEventUsecases.swift */; };
		FB48A19D2D61007B002AAB05 /* CreateEventUsecase.swift in Sources */ = {isa = PBXBuildFile; fileRef = FB48A19A2D61007B002AAB05 /* CreateEventUsecase.swift */; };
		FB48A1A02D6100A1002AAB05 /* CreateEventView.swift in Sources */ = {isa = PBXBuildFile; fileRef = FB48A19E2D6100A1002AAB05 /* CreateEventView.swift */; };
		FB48A1A32D6100E4002AAB05 /* CalendarHeaderView.swift in Sources */ = {isa = PBXBuildFile; fileRef = FB48A1A22D6100E4002AAB05 /* CalendarHeaderView.swift */; };
		FB48A1A62D610114002AAB05 /* RetrieveWeekEventUsecaseTests.swift in Sources */ = {isa = PBXBuildFile; fileRef = FB48A1A52D610114002AAB05 /* RetrieveWeekEventUsecaseTests.swift */; };
		FB48A1A72D610114002AAB05 /* CreateEventUsecaseTests.swift in Sources */ = {isa = PBXBuildFile; fileRef = FB48A1A42D610114002AAB05 /* CreateEventUsecaseTests.swift */; };
		FB48A1AA2D610124002AAB05 /* MyCalendarTapViewModelTests.swift in Sources */ = {isa = PBXBuildFile; fileRef = FB48A1A82D610124002AAB05 /* MyCalendarTapViewModelTests.swift */; };
		FB48A1AD2D610137002AAB05 /* MyCalendarTapViewModel.swift in Sources */ = {isa = PBXBuildFile; fileRef = FB48A1AB2D610137002AAB05 /* MyCalendarTapViewModel.swift */; };
		FB48A1B32D610148002AAB05 /* PersonalEventDetailView.swift in Sources */ = {isa = PBXBuildFile; fileRef = FB48A1AE2D610148002AAB05 /* PersonalEventDetailView.swift */; };
		FB48A1B42D610148002AAB05 /* EventDetailViewModel.swift in Sources */ = {isa = PBXBuildFile; fileRef = FB48A1B02D610148002AAB05 /* EventDetailViewModel.swift */; };
		FBB7A9202D5A54170047FE69 /* CoordinatorView.swift in Sources */ = {isa = PBXBuildFile; fileRef = FBB7A91F2D5A54140047FE69 /* CoordinatorView.swift */; };
		FBB7A9222D5A54290047FE69 /* Coordinator.swift in Sources */ = {isa = PBXBuildFile; fileRef = FBB7A9212D5A54210047FE69 /* Coordinator.swift */; };
		FBB7A9242D5A56AB0047FE69 /* TodayTapView.swift in Sources */ = {isa = PBXBuildFile; fileRef = FBB7A9232D5A56A60047FE69 /* TodayTapView.swift */; };
		FBB7A9262D5A56F30047FE69 /* InterestTapView.swift in Sources */ = {isa = PBXBuildFile; fileRef = FBB7A9252D5A56EE0047FE69 /* InterestTapView.swift */; };
		FBB7A9282D5A57180047FE69 /* MyCalendarTapView.swift in Sources */ = {isa = PBXBuildFile; fileRef = FBB7A9272D5A57150047FE69 /* MyCalendarTapView.swift */; };
		FBB7A92A2D5A572F0047FE69 /* HistoryTapView.swift in Sources */ = {isa = PBXBuildFile; fileRef = FBB7A9292D5A572B0047FE69 /* HistoryTapView.swift */; };
/* End PBXBuildFile section */

/* Begin PBXContainerItemProxy section */
		FB22BF522D53A398003DBF28 /* PBXContainerItemProxy */ = {
			isa = PBXContainerItemProxy;
			containerPortal = FB22BF392D53A397003DBF28 /* Project object */;
			proxyType = 1;
			remoteGlobalIDString = FB22BF402D53A397003DBF28;
			remoteInfo = MuMuDuck;
		};
		FB22BF5C2D53A398003DBF28 /* PBXContainerItemProxy */ = {
			isa = PBXContainerItemProxy;
			containerPortal = FB22BF392D53A397003DBF28 /* Project object */;
			proxyType = 1;
			remoteGlobalIDString = FB22BF402D53A397003DBF28;
			remoteInfo = MuMuDuck;
		};
/* End PBXContainerItemProxy section */

/* Begin PBXFileReference section */
		FB22BF412D53A397003DBF28 /* MuMuDuck.app */ = {isa = PBXFileReference; explicitFileType = wrapper.application; includeInIndex = 0; path = MuMuDuck.app; sourceTree = BUILT_PRODUCTS_DIR; };
		FB22BF512D53A398003DBF28 /* MuMuDuckTests.xctest */ = {isa = PBXFileReference; explicitFileType = wrapper.cfbundle; includeInIndex = 0; path = MuMuDuckTests.xctest; sourceTree = BUILT_PRODUCTS_DIR; };
		FB22BF5B2D53A398003DBF28 /* MuMuDuckUITests.xctest */ = {isa = PBXFileReference; explicitFileType = wrapper.cfbundle; includeInIndex = 0; path = MuMuDuckUITests.xctest; sourceTree = BUILT_PRODUCTS_DIR; };
		FB22BF702D53A3AF003DBF28 /* Assets.xcassets */ = {isa = PBXFileReference; lastKnownFileType = folder.assetcatalog; path = Assets.xcassets; sourceTree = "<group>"; };
		FB22BF712D53A3AF003DBF28 /* ContentView.swift */ = {isa = PBXFileReference; lastKnownFileType = sourcecode.swift; path = ContentView.swift; sourceTree = "<group>"; };
		FB22BF722D53A3AF003DBF28 /* MuMuDuckApp.swift */ = {isa = PBXFileReference; lastKnownFileType = sourcecode.swift; path = MuMuDuckApp.swift; sourceTree = "<group>"; };
		FB22BF782D53A3B6003DBF28 /* MuMuDuckTests.swift */ = {isa = PBXFileReference; lastKnownFileType = sourcecode.swift; path = MuMuDuckTests.swift; sourceTree = "<group>"; };
		FB22BF7B2D53A3B8003DBF28 /* MuMuDuckUITests.swift */ = {isa = PBXFileReference; lastKnownFileType = sourcecode.swift; path = MuMuDuckUITests.swift; sourceTree = "<group>"; };
		FB22BF7C2D53A3B8003DBF28 /* MuMuDuckUITestsLaunchTests.swift */ = {isa = PBXFileReference; lastKnownFileType = sourcecode.swift; path = MuMuDuckUITestsLaunchTests.swift; sourceTree = "<group>"; };
		FB22BF9B2D551089003DBF28 /* Event.swift */ = {isa = PBXFileReference; lastKnownFileType = sourcecode.swift; path = Event.swift; sourceTree = "<group>"; };
		FB22BFB52D553979003DBF28 /* EventRepository.swift */ = {isa = PBXFileReference; lastKnownFileType = sourcecode.swift; path = EventRepository.swift; sourceTree = "<group>"; };
		FB22BFB72D563B9F003DBF28 /* DefaultEventRepository.swift */ = {isa = PBXFileReference; lastKnownFileType = sourcecode.swift; path = DefaultEventRepository.swift; sourceTree = "<group>"; };
		FB22BFBF2D5648F4003DBF28 /* RetrieveDateEventUsecase.swift */ = {isa = PBXFileReference; lastKnownFileType = sourcecode.swift; path = RetrieveDateEventUsecase.swift; sourceTree = "<group>"; };
		FB22BFC12D564BD2003DBF28 /* RetrieveDateEventUsecaseTests.swift */ = {isa = PBXFileReference; lastKnownFileType = sourcecode.swift; path = RetrieveDateEventUsecaseTests.swift; sourceTree = "<group>"; };
		FB46D9762D661FE3004D75B0 /* WeeklyDayView.swift */ = {isa = PBXFileReference; lastKnownFileType = sourcecode.swift; path = WeeklyDayView.swift; sourceTree = "<group>"; };
		FB46D9782D662605004D75B0 /* MiniCalendarWeeklyEventView.swift */ = {isa = PBXFileReference; lastKnownFileType = sourcecode.swift; path = MiniCalendarWeeklyEventView.swift; sourceTree = "<group>"; };
		FB46D97A2D6628BA004D75B0 /* BigCalendarWeeklyEventView.swift */ = {isa = PBXFileReference; lastKnownFileType = sourcecode.swift; path = BigCalendarWeeklyEventView.swift; sourceTree = "<group>"; };
		FB46D97C2D662D22004D75B0 /* MiniCalendarBottomEventView.swift */ = {isa = PBXFileReference; lastKnownFileType = sourcecode.swift; path = MiniCalendarBottomEventView.swift; sourceTree = "<group>"; };
		FB48A19A2D61007B002AAB05 /* CreateEventUsecase.swift */ = {isa = PBXFileReference; lastKnownFileType = sourcecode.swift; path = CreateEventUsecase.swift; sourceTree = "<group>"; };
		FB48A19B2D61007B002AAB05 /* RetrieveWeekEventUsecases.swift */ = {isa = PBXFileReference; lastKnownFileType = sourcecode.swift; path = RetrieveWeekEventUsecases.swift; sourceTree = "<group>"; };
		FB48A19E2D6100A1002AAB05 /* CreateEventView.swift */ = {isa = PBXFileReference; lastKnownFileType = sourcecode.swift; path = CreateEventView.swift; sourceTree = "<group>"; };
		FB48A1A22D6100E4002AAB05 /* CalendarHeaderView.swift */ = {isa = PBXFileReference; lastKnownFileType = sourcecode.swift; path = CalendarHeaderView.swift; sourceTree = "<group>"; };
		FB48A1A42D610114002AAB05 /* CreateEventUsecaseTests.swift */ = {isa = PBXFileReference; lastKnownFileType = sourcecode.swift; path = CreateEventUsecaseTests.swift; sourceTree = "<group>"; };
		FB48A1A52D610114002AAB05 /* RetrieveWeekEventUsecaseTests.swift */ = {isa = PBXFileReference; lastKnownFileType = sourcecode.swift; path = RetrieveWeekEventUsecaseTests.swift; sourceTree = "<group>"; };
		FB48A1A82D610124002AAB05 /* MyCalendarTapViewModelTests.swift */ = {isa = PBXFileReference; lastKnownFileType = sourcecode.swift; path = MyCalendarTapViewModelTests.swift; sourceTree = "<group>"; };
		FB48A1AB2D610137002AAB05 /* MyCalendarTapViewModel.swift */ = {isa = PBXFileReference; lastKnownFileType = sourcecode.swift; path = MyCalendarTapViewModel.swift; sourceTree = "<group>"; };
		FB48A1AE2D610148002AAB05 /* PersonalEventDetailView.swift */ = {isa = PBXFileReference; lastKnownFileType = sourcecode.swift; path = PersonalEventDetailView.swift; sourceTree = "<group>"; };
		FB48A1B02D610148002AAB05 /* EventDetailViewModel.swift */ = {isa = PBXFileReference; lastKnownFileType = sourcecode.swift; path = EventDetailViewModel.swift; sourceTree = "<group>"; };
		FBB7A91F2D5A54140047FE69 /* CoordinatorView.swift */ = {isa = PBXFileReference; lastKnownFileType = sourcecode.swift; path = CoordinatorView.swift; sourceTree = "<group>"; };
		FBB7A9212D5A54210047FE69 /* Coordinator.swift */ = {isa = PBXFileReference; lastKnownFileType = sourcecode.swift; path = Coordinator.swift; sourceTree = "<group>"; };
		FBB7A9232D5A56A60047FE69 /* TodayTapView.swift */ = {isa = PBXFileReference; lastKnownFileType = sourcecode.swift; path = TodayTapView.swift; sourceTree = "<group>"; };
		FBB7A9252D5A56EE0047FE69 /* InterestTapView.swift */ = {isa = PBXFileReference; lastKnownFileType = sourcecode.swift; path = InterestTapView.swift; sourceTree = "<group>"; };
		FBB7A9272D5A57150047FE69 /* MyCalendarTapView.swift */ = {isa = PBXFileReference; lastKnownFileType = sourcecode.swift; path = MyCalendarTapView.swift; sourceTree = "<group>"; };
		FBB7A9292D5A572B0047FE69 /* HistoryTapView.swift */ = {isa = PBXFileReference; lastKnownFileType = sourcecode.swift; path = HistoryTapView.swift; sourceTree = "<group>"; };
/* End PBXFileReference section */

/* Begin PBXFrameworksBuildPhase section */
		FB22BF3E2D53A397003DBF28 /* Frameworks */ = {
			isa = PBXFrameworksBuildPhase;
			buildActionMask = 2147483647;
			files = (
			);
			runOnlyForDeploymentPostprocessing = 0;
		};
		FB22BF4E2D53A398003DBF28 /* Frameworks */ = {
			isa = PBXFrameworksBuildPhase;
			buildActionMask = 2147483647;
			files = (
			);
			runOnlyForDeploymentPostprocessing = 0;
		};
		FB22BF582D53A398003DBF28 /* Frameworks */ = {
			isa = PBXFrameworksBuildPhase;
			buildActionMask = 2147483647;
			files = (
			);
			runOnlyForDeploymentPostprocessing = 0;
		};
/* End PBXFrameworksBuildPhase section */

/* Begin PBXGroup section */
		FB22BF382D53A397003DBF28 = {
			isa = PBXGroup;
			children = (
				FB22BF732D53A3AF003DBF28 /* MuMuDuck */,
				FB22BF792D53A3B6003DBF28 /* MuMuDuckTests */,
				FB22BF7D2D53A3B8003DBF28 /* MuMuDuckUITests */,
				FB22BF422D53A397003DBF28 /* Products */,
			);
			sourceTree = "<group>";
		};
		FB22BF422D53A397003DBF28 /* Products */ = {
			isa = PBXGroup;
			children = (
				FB22BF412D53A397003DBF28 /* MuMuDuck.app */,
				FB22BF512D53A398003DBF28 /* MuMuDuckTests.xctest */,
				FB22BF5B2D53A398003DBF28 /* MuMuDuckUITests.xctest */,
			);
			name = Products;
			sourceTree = "<group>";
		};
		FB22BF732D53A3AF003DBF28 /* MuMuDuck */ = {
			isa = PBXGroup;
			children = (
				FB22BF802D53A478003DBF28 /* App */,
				FB22BF842D53A497003DBF28 /* Presentation */,
				FB22BF832D53A493003DBF28 /* Domain */,
				FB22BF822D53A48D003DBF28 /* Data */,
				FB22BF812D53A47D003DBF28 /* Resources */,
			);
			path = MuMuDuck;
			sourceTree = "<group>";
		};
		FB22BF792D53A3B6003DBF28 /* MuMuDuckTests */ = {
			isa = PBXGroup;
			children = (
				FB22BFA02D551255003DBF28 /* Domain */,
				FB22BFC32D567225003DBF28 /* Presentation */,
				FB22BF782D53A3B6003DBF28 /* MuMuDuckTests.swift */,
			);
			path = MuMuDuckTests;
			sourceTree = "<group>";
		};
		FB22BF7D2D53A3B8003DBF28 /* MuMuDuckUITests */ = {
			isa = PBXGroup;
			children = (
				FB22BF7B2D53A3B8003DBF28 /* MuMuDuckUITests.swift */,
				FB22BF7C2D53A3B8003DBF28 /* MuMuDuckUITestsLaunchTests.swift */,
			);
			path = MuMuDuckUITests;
			sourceTree = "<group>";
		};
		FB22BF802D53A478003DBF28 /* App */ = {
			isa = PBXGroup;
			children = (
				FB22BF722D53A3AF003DBF28 /* MuMuDuckApp.swift */,
			);
			path = App;
			sourceTree = "<group>";
		};
		FB22BF812D53A47D003DBF28 /* Resources */ = {
			isa = PBXGroup;
			children = (
				FB22BF702D53A3AF003DBF28 /* Assets.xcassets */,
			);
			path = Resources;
			sourceTree = "<group>";
		};
		FB22BF822D53A48D003DBF28 /* Data */ = {
			isa = PBXGroup;
			children = (
				FB22BF912D53A5AF003DBF28 /* Network */,
				FB22BF922D53A5B7003DBF28 /* Repositories */,
			);
			path = Data;
			sourceTree = "<group>";
		};
		FB22BF832D53A493003DBF28 /* Domain */ = {
			isa = PBXGroup;
			children = (
				FB22BF902D53A598003DBF28 /* Entities */,
				FB22BF8F2D53A594003DBF28 /* UseCases */,
				FB22BF8D2D53A587003DBF28 /* Interfaces */,
			);
			path = Domain;
			sourceTree = "<group>";
		};
		FB22BF842D53A497003DBF28 /* Presentation */ = {
			isa = PBXGroup;
			children = (
				FB22BF712D53A3AF003DBF28 /* ContentView.swift */,
				FB22BF862D53A508003DBF28 /* Auth */,
				FB22BF882D53A546003DBF28 /* Contents */,
			);
			path = Presentation;
			sourceTree = "<group>";
		};
		FB22BF862D53A508003DBF28 /* Auth */ = {
			isa = PBXGroup;
			children = (
			);
			path = Auth;
			sourceTree = "<group>";
		};
		FB22BF872D53A519003DBF28 /* Today */ = {
			isa = PBXGroup;
			children = (
				FB22BF942D53A763003DBF28 /* ViewModel */,
				FB22BF932D53A758003DBF28 /* View */,
			);
			path = Today;
			sourceTree = "<group>";
		};
		FB22BF882D53A546003DBF28 /* Contents */ = {
			isa = PBXGroup;
			children = (
				FBB7A91C2D5A51550047FE69 /* Flows */,
				FB22BF872D53A519003DBF28 /* Today */,
				FB22BF8C2D53A573003DBF28 /* Interest */,
				FB22BF8B2D53A561003DBF28 /* MyCalendar */,
				FB22BF8A2D53A558003DBF28 /* History */,
				FB22BF892D53A553003DBF28 /* Common */,
			);
			path = Contents;
			sourceTree = "<group>";
		};
		FB22BF892D53A553003DBF28 /* Common */ = {
			isa = PBXGroup;
			children = (
				FB48A1B22D610148002AAB05 /* Event */,
				FB22BF9D2D5511D0003DBF28 /* Calendar */,
			);
			path = Common;
			sourceTree = "<group>";
		};
		FB22BF8A2D53A558003DBF28 /* History */ = {
			isa = PBXGroup;
			children = (
				FB22BF9A2D53A7A4003DBF28 /* ViewModel */,
				FB22BF992D53A79E003DBF28 /* View */,
			);
			path = History;
			sourceTree = "<group>";
		};
		FB22BF8B2D53A561003DBF28 /* MyCalendar */ = {
			isa = PBXGroup;
			children = (
				FB48A1AC2D610137002AAB05 /* ViewModel */,
				FB22BF972D53A796003DBF28 /* View */,
			);
			path = MyCalendar;
			sourceTree = "<group>";
		};
		FB22BF8C2D53A573003DBF28 /* Interest */ = {
			isa = PBXGroup;
			children = (
				FB22BF962D53A792003DBF28 /* ViewModel */,
				FB22BF952D53A78F003DBF28 /* View */,
			);
			path = Interest;
			sourceTree = "<group>";
		};
		FB22BF8D2D53A587003DBF28 /* Interfaces */ = {
			isa = PBXGroup;
			children = (
				FB22BF8E2D53A58E003DBF28 /* Repositories */,
			);
			path = Interfaces;
			sourceTree = "<group>";
		};
		FB22BF8E2D53A58E003DBF28 /* Repositories */ = {
			isa = PBXGroup;
			children = (
				FB22BFB52D553979003DBF28 /* EventRepository.swift */,
			);
			path = Repositories;
			sourceTree = "<group>";
		};
		FB22BF8F2D53A594003DBF28 /* UseCases */ = {
			isa = PBXGroup;
			children = (
				FB48A19A2D61007B002AAB05 /* CreateEventUsecase.swift */,
				FB22BFBF2D5648F4003DBF28 /* RetrieveDateEventUsecase.swift */,
				FB48A19B2D61007B002AAB05 /* RetrieveWeekEventUsecases.swift */,
			);
			path = UseCases;
			sourceTree = "<group>";
		};
		FB22BF902D53A598003DBF28 /* Entities */ = {
			isa = PBXGroup;
			children = (
				FB22BF9B2D551089003DBF28 /* Event.swift */,
			);
			path = Entities;
			sourceTree = "<group>";
		};
		FB22BF912D53A5AF003DBF28 /* Network */ = {
			isa = PBXGroup;
			children = (
			);
			path = Network;
			sourceTree = "<group>";
		};
		FB22BF922D53A5B7003DBF28 /* Repositories */ = {
			isa = PBXGroup;
			children = (
				FB22BFB72D563B9F003DBF28 /* DefaultEventRepository.swift */,
			);
			path = Repositories;
			sourceTree = "<group>";
		};
		FB22BF932D53A758003DBF28 /* View */ = {
			isa = PBXGroup;
			children = (
				FBB7A9232D5A56A60047FE69 /* TodayTapView.swift */,
			);
			path = View;
			sourceTree = "<group>";
		};
		FB22BF942D53A763003DBF28 /* ViewModel */ = {
			isa = PBXGroup;
			children = (
			);
			path = ViewModel;
			sourceTree = "<group>";
		};
		FB22BF952D53A78F003DBF28 /* View */ = {
			isa = PBXGroup;
			children = (
				FBB7A9252D5A56EE0047FE69 /* InterestTapView.swift */,
			);
			path = View;
			sourceTree = "<group>";
		};
		FB22BF962D53A792003DBF28 /* ViewModel */ = {
			isa = PBXGroup;
			children = (
			);
			path = ViewModel;
			sourceTree = "<group>";
		};
		FB22BF972D53A796003DBF28 /* View */ = {
			isa = PBXGroup;
			children = (
				FBB7A9272D5A57150047FE69 /* MyCalendarTapView.swift */,
				FB48A19E2D6100A1002AAB05 /* CreateEventView.swift */,
				FB48A1A22D6100E4002AAB05 /* CalendarHeaderView.swift */,
				FB46D9762D661FE3004D75B0 /* WeeklyDayView.swift */,
				FB46D9782D662605004D75B0 /* MiniCalendarWeeklyEventView.swift */,
				FB46D97C2D662D22004D75B0 /* MiniCalendarBottomEventView.swift */,
				FB46D97A2D6628BA004D75B0 /* BigCalendarWeeklyEventView.swift */,
			);
			path = View;
			sourceTree = "<group>";
		};
		FB22BF992D53A79E003DBF28 /* View */ = {
			isa = PBXGroup;
			children = (
				FBB7A9292D5A572B0047FE69 /* HistoryTapView.swift */,
			);
			path = View;
			sourceTree = "<group>";
		};
		FB22BF9A2D53A7A4003DBF28 /* ViewModel */ = {
			isa = PBXGroup;
			children = (
			);
			path = ViewModel;
			sourceTree = "<group>";
		};
		FB22BF9D2D5511D0003DBF28 /* Calendar */ = {
			isa = PBXGroup;
			children = (
				FB22BF9F2D5511DE003DBF28 /* ViewModel */,
				FB22BF9E2D5511D9003DBF28 /* View */,
			);
			path = Calendar;
			sourceTree = "<group>";
		};
		FB22BF9E2D5511D9003DBF28 /* View */ = {
			isa = PBXGroup;
			children = (
			);
			path = View;
			sourceTree = "<group>";
		};
		FB22BF9F2D5511DE003DBF28 /* ViewModel */ = {
			isa = PBXGroup;
			children = (
			);
			path = ViewModel;
			sourceTree = "<group>";
		};
		FB22BFA02D551255003DBF28 /* Domain */ = {
			isa = PBXGroup;
			children = (
				FB48A1A42D610114002AAB05 /* CreateEventUsecaseTests.swift */,
				FB48A1A52D610114002AAB05 /* RetrieveWeekEventUsecaseTests.swift */,
				FB22BFC12D564BD2003DBF28 /* RetrieveDateEventUsecaseTests.swift */,
			);
			path = Domain;
			sourceTree = "<group>";
		};
		FB22BFC32D567225003DBF28 /* Presentation */ = {
			isa = PBXGroup;
			children = (
				FB48A1A92D610124002AAB05 /* MyCalendar */,
				FB22BFC42D567230003DBF28 /* Calendar */,
			);
			path = Presentation;
			sourceTree = "<group>";
		};
		FB22BFC42D567230003DBF28 /* Calendar */ = {
			isa = PBXGroup;
			children = (
			);
			path = Calendar;
			sourceTree = "<group>";
		};
		FB48A1A92D610124002AAB05 /* MyCalendar */ = {
			isa = PBXGroup;
			children = (
				FB48A1A82D610124002AAB05 /* MyCalendarTapViewModelTests.swift */,
			);
			path = MyCalendar;
			sourceTree = "<group>";
		};
		FB48A1AC2D610137002AAB05 /* ViewModel */ = {
			isa = PBXGroup;
			children = (
				FB48A1AB2D610137002AAB05 /* MyCalendarTapViewModel.swift */,
			);
			path = ViewModel;
			sourceTree = "<group>";
		};
		FB48A1AF2D610148002AAB05 /* View */ = {
			isa = PBXGroup;
			children = (
				FB48A1AE2D610148002AAB05 /* PersonalEventDetailView.swift */,
			);
			path = View;
			sourceTree = "<group>";
		};
		FB48A1B12D610148002AAB05 /* ViewModel */ = {
			isa = PBXGroup;
			children = (
				FB48A1B02D610148002AAB05 /* EventDetailViewModel.swift */,
			);
			path = ViewModel;
			sourceTree = "<group>";
		};
		FB48A1B22D610148002AAB05 /* Event */ = {
			isa = PBXGroup;
			children = (
				FB48A1B12D610148002AAB05 /* ViewModel */,
				FB48A1AF2D610148002AAB05 /* View */,
			);
			path = Event;
			sourceTree = "<group>";
		};
		FBB7A91C2D5A51550047FE69 /* Flows */ = {
			isa = PBXGroup;
			children = (
				FBB7A91E2D5A540E0047FE69 /* ViewModel */,
				FBB7A91D2D5A540B0047FE69 /* View */,
			);
			path = Flows;
			sourceTree = "<group>";
		};
		FBB7A91D2D5A540B0047FE69 /* View */ = {
			isa = PBXGroup;
			children = (
				FBB7A91F2D5A54140047FE69 /* CoordinatorView.swift */,
			);
			path = View;
			sourceTree = "<group>";
		};
		FBB7A91E2D5A540E0047FE69 /* ViewModel */ = {
			isa = PBXGroup;
			children = (
				FBB7A9212D5A54210047FE69 /* Coordinator.swift */,
			);
			path = ViewModel;
			sourceTree = "<group>";
		};
/* End PBXGroup section */

/* Begin PBXNativeTarget section */
		FB22BF402D53A397003DBF28 /* MuMuDuck */ = {
			isa = PBXNativeTarget;
			buildConfigurationList = FB22BF652D53A398003DBF28 /* Build configuration list for PBXNativeTarget "MuMuDuck" */;
			buildPhases = (
				FB22BF3D2D53A397003DBF28 /* Sources */,
				FB22BF3E2D53A397003DBF28 /* Frameworks */,
				FB22BF3F2D53A397003DBF28 /* Resources */,
			);
			buildRules = (
			);
			dependencies = (
			);
			name = MuMuDuck;
			packageProductDependencies = (
			);
			productName = MuMuDuck;
			productReference = FB22BF412D53A397003DBF28 /* MuMuDuck.app */;
			productType = "com.apple.product-type.application";
		};
		FB22BF502D53A398003DBF28 /* MuMuDuckTests */ = {
			isa = PBXNativeTarget;
			buildConfigurationList = FB22BF682D53A398003DBF28 /* Build configuration list for PBXNativeTarget "MuMuDuckTests" */;
			buildPhases = (
				FB22BF4D2D53A398003DBF28 /* Sources */,
				FB22BF4E2D53A398003DBF28 /* Frameworks */,
				FB22BF4F2D53A398003DBF28 /* Resources */,
			);
			buildRules = (
			);
			dependencies = (
				FB22BF532D53A398003DBF28 /* PBXTargetDependency */,
			);
			name = MuMuDuckTests;
			packageProductDependencies = (
			);
			productName = MuMuDuckTests;
			productReference = FB22BF512D53A398003DBF28 /* MuMuDuckTests.xctest */;
			productType = "com.apple.product-type.bundle.unit-test";
		};
		FB22BF5A2D53A398003DBF28 /* MuMuDuckUITests */ = {
			isa = PBXNativeTarget;
			buildConfigurationList = FB22BF6B2D53A398003DBF28 /* Build configuration list for PBXNativeTarget "MuMuDuckUITests" */;
			buildPhases = (
				FB22BF572D53A398003DBF28 /* Sources */,
				FB22BF582D53A398003DBF28 /* Frameworks */,
				FB22BF592D53A398003DBF28 /* Resources */,
			);
			buildRules = (
			);
			dependencies = (
				FB22BF5D2D53A398003DBF28 /* PBXTargetDependency */,
			);
			name = MuMuDuckUITests;
			packageProductDependencies = (
			);
			productName = MuMuDuckUITests;
			productReference = FB22BF5B2D53A398003DBF28 /* MuMuDuckUITests.xctest */;
			productType = "com.apple.product-type.bundle.ui-testing";
		};
/* End PBXNativeTarget section */

/* Begin PBXProject section */
		FB22BF392D53A397003DBF28 /* Project object */ = {
			isa = PBXProject;
			attributes = {
				BuildIndependentTargetsInParallel = 1;
				LastSwiftUpdateCheck = 1620;
				LastUpgradeCheck = 1620;
				TargetAttributes = {
					FB22BF402D53A397003DBF28 = {
						CreatedOnToolsVersion = 16.2;
					};
					FB22BF502D53A398003DBF28 = {
						CreatedOnToolsVersion = 16.2;
						TestTargetID = FB22BF402D53A397003DBF28;
					};
					FB22BF5A2D53A398003DBF28 = {
						CreatedOnToolsVersion = 16.2;
						TestTargetID = FB22BF402D53A397003DBF28;
					};
				};
			};
			buildConfigurationList = FB22BF3C2D53A397003DBF28 /* Build configuration list for PBXProject "MuMuDuck" */;
			developmentRegion = en;
			hasScannedForEncodings = 0;
			knownRegions = (
				en,
				Base,
			);
			mainGroup = FB22BF382D53A397003DBF28;
			minimizedProjectReferenceProxies = 1;
			preferredProjectObjectVersion = 77;
			productRefGroup = FB22BF422D53A397003DBF28 /* Products */;
			projectDirPath = "";
			projectRoot = "";
			targets = (
				FB22BF402D53A397003DBF28 /* MuMuDuck */,
				FB22BF502D53A398003DBF28 /* MuMuDuckTests */,
				FB22BF5A2D53A398003DBF28 /* MuMuDuckUITests */,
			);
		};
/* End PBXProject section */

/* Begin PBXResourcesBuildPhase section */
		FB22BF3F2D53A397003DBF28 /* Resources */ = {
			isa = PBXResourcesBuildPhase;
			buildActionMask = 2147483647;
			files = (
				FB22BF752D53A3AF003DBF28 /* Assets.xcassets in Resources */,
			);
			runOnlyForDeploymentPostprocessing = 0;
		};
		FB22BF4F2D53A398003DBF28 /* Resources */ = {
			isa = PBXResourcesBuildPhase;
			buildActionMask = 2147483647;
			files = (
			);
			runOnlyForDeploymentPostprocessing = 0;
		};
		FB22BF592D53A398003DBF28 /* Resources */ = {
			isa = PBXResourcesBuildPhase;
			buildActionMask = 2147483647;
			files = (
			);
			runOnlyForDeploymentPostprocessing = 0;
		};
/* End PBXResourcesBuildPhase section */

/* Begin PBXSourcesBuildPhase section */
		FB22BF3D2D53A397003DBF28 /* Sources */ = {
			isa = PBXSourcesBuildPhase;
			buildActionMask = 2147483647;
			files = (
				FB22BF762D53A3AF003DBF28 /* ContentView.swift in Sources */,
				FBB7A92A2D5A572F0047FE69 /* HistoryTapView.swift in Sources */,
				FBB7A9282D5A57180047FE69 /* MyCalendarTapView.swift in Sources */,
				FBB7A9242D5A56AB0047FE69 /* TodayTapView.swift in Sources */,
				FB48A1AD2D610137002AAB05 /* MyCalendarTapViewModel.swift in Sources */,
				FB22BFC02D564B5B003DBF28 /* RetrieveDateEventUsecase.swift in Sources */,
				FB46D97B2D6628C2004D75B0 /* BigCalendarWeeklyEventView.swift in Sources */,
				FB22BFB62D553989003DBF28 /* EventRepository.swift in Sources */,
				FB48A1A02D6100A1002AAB05 /* CreateEventView.swift in Sources */,
				FB46D9772D661FF0004D75B0 /* WeeklyDayView.swift in Sources */,
				FB48A19C2D61007B002AAB05 /* RetrieveWeekEventUsecases.swift in Sources */,
				FB48A19D2D61007B002AAB05 /* CreateEventUsecase.swift in Sources */,
				FB48A1A32D6100E4002AAB05 /* CalendarHeaderView.swift in Sources */,
				FB22BF9C2D55108B003DBF28 /* Event.swift in Sources */,
				FB22BF772D53A3AF003DBF28 /* MuMuDuckApp.swift in Sources */,
				FB22BFB82D563BA6003DBF28 /* DefaultEventRepository.swift in Sources */,
				FB46D97D2D662D2D004D75B0 /* MiniCalendarBottomEventView.swift in Sources */,
				FBB7A9222D5A54290047FE69 /* Coordinator.swift in Sources */,
				FB48A1B32D610148002AAB05 /* PersonalEventDetailView.swift in Sources */,
				FB48A1B42D610148002AAB05 /* EventDetailViewModel.swift in Sources */,
				FB46D9792D662610004D75B0 /* MiniCalendarWeeklyEventView.swift in Sources */,
				FBB7A9202D5A54170047FE69 /* CoordinatorView.swift in Sources */,
				FBB7A9262D5A56F30047FE69 /* InterestTapView.swift in Sources */,
			);
			runOnlyForDeploymentPostprocessing = 0;
		};
		FB22BF4D2D53A398003DBF28 /* Sources */ = {
			isa = PBXSourcesBuildPhase;
			buildActionMask = 2147483647;
			files = (
				FB48A1A62D610114002AAB05 /* RetrieveWeekEventUsecaseTests.swift in Sources */,
				FB48A1A72D610114002AAB05 /* CreateEventUsecaseTests.swift in Sources */,
				FB22BF7A2D53A3B6003DBF28 /* MuMuDuckTests.swift in Sources */,
				FB22BFC22D564BE8003DBF28 /* RetrieveDateEventUsecaseTests.swift in Sources */,
				FB48A1AA2D610124002AAB05 /* MyCalendarTapViewModelTests.swift in Sources */,
			);
			runOnlyForDeploymentPostprocessing = 0;
		};
		FB22BF572D53A398003DBF28 /* Sources */ = {
			isa = PBXSourcesBuildPhase;
			buildActionMask = 2147483647;
			files = (
				FB22BF7E2D53A3B8003DBF28 /* MuMuDuckUITests.swift in Sources */,
				FB22BF7F2D53A3B8003DBF28 /* MuMuDuckUITestsLaunchTests.swift in Sources */,
			);
			runOnlyForDeploymentPostprocessing = 0;
		};
/* End PBXSourcesBuildPhase section */

/* Begin PBXTargetDependency section */
		FB22BF532D53A398003DBF28 /* PBXTargetDependency */ = {
			isa = PBXTargetDependency;
			target = FB22BF402D53A397003DBF28 /* MuMuDuck */;
			targetProxy = FB22BF522D53A398003DBF28 /* PBXContainerItemProxy */;
		};
		FB22BF5D2D53A398003DBF28 /* PBXTargetDependency */ = {
			isa = PBXTargetDependency;
			target = FB22BF402D53A397003DBF28 /* MuMuDuck */;
			targetProxy = FB22BF5C2D53A398003DBF28 /* PBXContainerItemProxy */;
		};
/* End PBXTargetDependency section */

/* Begin XCBuildConfiguration section */
		FB22BF632D53A398003DBF28 /* Debug */ = {
			isa = XCBuildConfiguration;
			buildSettings = {
				ALWAYS_SEARCH_USER_PATHS = NO;
				ASSETCATALOG_COMPILER_GENERATE_SWIFT_ASSET_SYMBOL_EXTENSIONS = YES;
				CLANG_ANALYZER_NONNULL = YES;
				CLANG_ANALYZER_NUMBER_OBJECT_CONVERSION = YES_AGGRESSIVE;
				CLANG_CXX_LANGUAGE_STANDARD = "gnu++20";
				CLANG_ENABLE_MODULES = YES;
				CLANG_ENABLE_OBJC_ARC = YES;
				CLANG_ENABLE_OBJC_WEAK = YES;
				CLANG_WARN_BLOCK_CAPTURE_AUTORELEASING = YES;
				CLANG_WARN_BOOL_CONVERSION = YES;
				CLANG_WARN_COMMA = YES;
				CLANG_WARN_CONSTANT_CONVERSION = YES;
				CLANG_WARN_DEPRECATED_OBJC_IMPLEMENTATIONS = YES;
				CLANG_WARN_DIRECT_OBJC_ISA_USAGE = YES_ERROR;
				CLANG_WARN_DOCUMENTATION_COMMENTS = YES;
				CLANG_WARN_EMPTY_BODY = YES;
				CLANG_WARN_ENUM_CONVERSION = YES;
				CLANG_WARN_INFINITE_RECURSION = YES;
				CLANG_WARN_INT_CONVERSION = YES;
				CLANG_WARN_NON_LITERAL_NULL_CONVERSION = YES;
				CLANG_WARN_OBJC_IMPLICIT_RETAIN_SELF = YES;
				CLANG_WARN_OBJC_LITERAL_CONVERSION = YES;
				CLANG_WARN_OBJC_ROOT_CLASS = YES_ERROR;
				CLANG_WARN_QUOTED_INCLUDE_IN_FRAMEWORK_HEADER = YES;
				CLANG_WARN_RANGE_LOOP_ANALYSIS = YES;
				CLANG_WARN_STRICT_PROTOTYPES = YES;
				CLANG_WARN_SUSPICIOUS_MOVE = YES;
				CLANG_WARN_UNGUARDED_AVAILABILITY = YES_AGGRESSIVE;
				CLANG_WARN_UNREACHABLE_CODE = YES;
				CLANG_WARN__DUPLICATE_METHOD_MATCH = YES;
				COPY_PHASE_STRIP = NO;
				DEBUG_INFORMATION_FORMAT = dwarf;
				ENABLE_STRICT_OBJC_MSGSEND = YES;
				ENABLE_TESTABILITY = YES;
				ENABLE_USER_SCRIPT_SANDBOXING = YES;
				GCC_C_LANGUAGE_STANDARD = gnu17;
				GCC_DYNAMIC_NO_PIC = NO;
				GCC_NO_COMMON_BLOCKS = YES;
				GCC_OPTIMIZATION_LEVEL = 0;
				GCC_PREPROCESSOR_DEFINITIONS = (
					"DEBUG=1",
					"$(inherited)",
				);
				GCC_WARN_64_TO_32_BIT_CONVERSION = YES;
				GCC_WARN_ABOUT_RETURN_TYPE = YES_ERROR;
				GCC_WARN_UNDECLARED_SELECTOR = YES;
				GCC_WARN_UNINITIALIZED_AUTOS = YES_AGGRESSIVE;
				GCC_WARN_UNUSED_FUNCTION = YES;
				GCC_WARN_UNUSED_VARIABLE = YES;
				IPHONEOS_DEPLOYMENT_TARGET = 18.2;
				LOCALIZATION_PREFERS_STRING_CATALOGS = YES;
				MTL_ENABLE_DEBUG_INFO = INCLUDE_SOURCE;
				MTL_FAST_MATH = YES;
				ONLY_ACTIVE_ARCH = YES;
				SDKROOT = iphoneos;
				SWIFT_ACTIVE_COMPILATION_CONDITIONS = "DEBUG $(inherited)";
				SWIFT_OPTIMIZATION_LEVEL = "-Onone";
			};
			name = Debug;
		};
		FB22BF642D53A398003DBF28 /* Release */ = {
			isa = XCBuildConfiguration;
			buildSettings = {
				ALWAYS_SEARCH_USER_PATHS = NO;
				ASSETCATALOG_COMPILER_GENERATE_SWIFT_ASSET_SYMBOL_EXTENSIONS = YES;
				CLANG_ANALYZER_NONNULL = YES;
				CLANG_ANALYZER_NUMBER_OBJECT_CONVERSION = YES_AGGRESSIVE;
				CLANG_CXX_LANGUAGE_STANDARD = "gnu++20";
				CLANG_ENABLE_MODULES = YES;
				CLANG_ENABLE_OBJC_ARC = YES;
				CLANG_ENABLE_OBJC_WEAK = YES;
				CLANG_WARN_BLOCK_CAPTURE_AUTORELEASING = YES;
				CLANG_WARN_BOOL_CONVERSION = YES;
				CLANG_WARN_COMMA = YES;
				CLANG_WARN_CONSTANT_CONVERSION = YES;
				CLANG_WARN_DEPRECATED_OBJC_IMPLEMENTATIONS = YES;
				CLANG_WARN_DIRECT_OBJC_ISA_USAGE = YES_ERROR;
				CLANG_WARN_DOCUMENTATION_COMMENTS = YES;
				CLANG_WARN_EMPTY_BODY = YES;
				CLANG_WARN_ENUM_CONVERSION = YES;
				CLANG_WARN_INFINITE_RECURSION = YES;
				CLANG_WARN_INT_CONVERSION = YES;
				CLANG_WARN_NON_LITERAL_NULL_CONVERSION = YES;
				CLANG_WARN_OBJC_IMPLICIT_RETAIN_SELF = YES;
				CLANG_WARN_OBJC_LITERAL_CONVERSION = YES;
				CLANG_WARN_OBJC_ROOT_CLASS = YES_ERROR;
				CLANG_WARN_QUOTED_INCLUDE_IN_FRAMEWORK_HEADER = YES;
				CLANG_WARN_RANGE_LOOP_ANALYSIS = YES;
				CLANG_WARN_STRICT_PROTOTYPES = YES;
				CLANG_WARN_SUSPICIOUS_MOVE = YES;
				CLANG_WARN_UNGUARDED_AVAILABILITY = YES_AGGRESSIVE;
				CLANG_WARN_UNREACHABLE_CODE = YES;
				CLANG_WARN__DUPLICATE_METHOD_MATCH = YES;
				COPY_PHASE_STRIP = NO;
				DEBUG_INFORMATION_FORMAT = "dwarf-with-dsym";
				ENABLE_NS_ASSERTIONS = NO;
				ENABLE_STRICT_OBJC_MSGSEND = YES;
				ENABLE_USER_SCRIPT_SANDBOXING = YES;
				GCC_C_LANGUAGE_STANDARD = gnu17;
				GCC_NO_COMMON_BLOCKS = YES;
				GCC_WARN_64_TO_32_BIT_CONVERSION = YES;
				GCC_WARN_ABOUT_RETURN_TYPE = YES_ERROR;
				GCC_WARN_UNDECLARED_SELECTOR = YES;
				GCC_WARN_UNINITIALIZED_AUTOS = YES_AGGRESSIVE;
				GCC_WARN_UNUSED_FUNCTION = YES;
				GCC_WARN_UNUSED_VARIABLE = YES;
				IPHONEOS_DEPLOYMENT_TARGET = 18.2;
				LOCALIZATION_PREFERS_STRING_CATALOGS = YES;
				MTL_ENABLE_DEBUG_INFO = NO;
				MTL_FAST_MATH = YES;
				SDKROOT = iphoneos;
				SWIFT_COMPILATION_MODE = wholemodule;
				VALIDATE_PRODUCT = YES;
			};
			name = Release;
		};
		FB22BF662D53A398003DBF28 /* Debug */ = {
			isa = XCBuildConfiguration;
			buildSettings = {
				ASSETCATALOG_COMPILER_APPICON_NAME = AppIcon;
				ASSETCATALOG_COMPILER_GLOBAL_ACCENT_COLOR_NAME = AccentColor;
				CODE_SIGN_STYLE = Automatic;
				CURRENT_PROJECT_VERSION = 1;
				DEVELOPMENT_ASSET_PATHS = "";
				DEVELOPMENT_TEAM = 733A2RXB59;
				ENABLE_PREVIEWS = YES;
				GENERATE_INFOPLIST_FILE = YES;
				INFOPLIST_KEY_UIApplicationSceneManifest_Generation = YES;
				INFOPLIST_KEY_UIApplicationSupportsIndirectInputEvents = YES;
				INFOPLIST_KEY_UILaunchScreen_Generation = YES;
				INFOPLIST_KEY_UISupportedInterfaceOrientations_iPad = "UIInterfaceOrientationPortrait UIInterfaceOrientationPortraitUpsideDown UIInterfaceOrientationLandscapeLeft UIInterfaceOrientationLandscapeRight";
				INFOPLIST_KEY_UISupportedInterfaceOrientations_iPhone = "UIInterfaceOrientationPortrait UIInterfaceOrientationLandscapeLeft UIInterfaceOrientationLandscapeRight";
				IPHONEOS_DEPLOYMENT_TARGET = 17.0;
				LD_RUNPATH_SEARCH_PATHS = (
					"$(inherited)",
					"@executable_path/Frameworks",
				);
				MARKETING_VERSION = 1.0;
				PRODUCT_BUNDLE_IDENTIFIER = com.Maru.MuMuDuck;
				PRODUCT_NAME = "$(TARGET_NAME)";
				SWIFT_EMIT_LOC_STRINGS = YES;
				SWIFT_VERSION = 5.0;
				TARGETED_DEVICE_FAMILY = "1,2";
			};
			name = Debug;
		};
		FB22BF672D53A398003DBF28 /* Release */ = {
			isa = XCBuildConfiguration;
			buildSettings = {
				ASSETCATALOG_COMPILER_APPICON_NAME = AppIcon;
				ASSETCATALOG_COMPILER_GLOBAL_ACCENT_COLOR_NAME = AccentColor;
				CODE_SIGN_STYLE = Automatic;
				CURRENT_PROJECT_VERSION = 1;
				DEVELOPMENT_ASSET_PATHS = "";
				DEVELOPMENT_TEAM = 733A2RXB59;
				ENABLE_PREVIEWS = YES;
				GENERATE_INFOPLIST_FILE = YES;
				INFOPLIST_KEY_UIApplicationSceneManifest_Generation = YES;
				INFOPLIST_KEY_UIApplicationSupportsIndirectInputEvents = YES;
				INFOPLIST_KEY_UILaunchScreen_Generation = YES;
				INFOPLIST_KEY_UISupportedInterfaceOrientations_iPad = "UIInterfaceOrientationPortrait UIInterfaceOrientationPortraitUpsideDown UIInterfaceOrientationLandscapeLeft UIInterfaceOrientationLandscapeRight";
				INFOPLIST_KEY_UISupportedInterfaceOrientations_iPhone = "UIInterfaceOrientationPortrait UIInterfaceOrientationLandscapeLeft UIInterfaceOrientationLandscapeRight";
				IPHONEOS_DEPLOYMENT_TARGET = 17.0;
				LD_RUNPATH_SEARCH_PATHS = (
					"$(inherited)",
					"@executable_path/Frameworks",
				);
				MARKETING_VERSION = 1.0;
				PRODUCT_BUNDLE_IDENTIFIER = com.Maru.MuMuDuck;
				PRODUCT_NAME = "$(TARGET_NAME)";
				SWIFT_EMIT_LOC_STRINGS = YES;
				SWIFT_VERSION = 5.0;
				TARGETED_DEVICE_FAMILY = "1,2";
			};
			name = Release;
		};
		FB22BF692D53A398003DBF28 /* Debug */ = {
			isa = XCBuildConfiguration;
			buildSettings = {
				BUNDLE_LOADER = "$(TEST_HOST)";
				CODE_SIGN_STYLE = Automatic;
				CURRENT_PROJECT_VERSION = 1;
				DEVELOPMENT_TEAM = 733A2RXB59;
				GENERATE_INFOPLIST_FILE = YES;
				IPHONEOS_DEPLOYMENT_TARGET = 17.0;
				MARKETING_VERSION = 1.0;
				PRODUCT_BUNDLE_IDENTIFIER = com.Maru.MuMuDuckTests;
				PRODUCT_NAME = "$(TARGET_NAME)";
				SWIFT_EMIT_LOC_STRINGS = NO;
				SWIFT_VERSION = 5.0;
				TARGETED_DEVICE_FAMILY = "1,2";
				TEST_HOST = "$(BUILT_PRODUCTS_DIR)/MuMuDuck.app/$(BUNDLE_EXECUTABLE_FOLDER_PATH)/MuMuDuck";
			};
			name = Debug;
		};
		FB22BF6A2D53A398003DBF28 /* Release */ = {
			isa = XCBuildConfiguration;
			buildSettings = {
				BUNDLE_LOADER = "$(TEST_HOST)";
				CODE_SIGN_STYLE = Automatic;
				CURRENT_PROJECT_VERSION = 1;
				DEVELOPMENT_TEAM = 733A2RXB59;
				GENERATE_INFOPLIST_FILE = YES;
				IPHONEOS_DEPLOYMENT_TARGET = 17.0;
				MARKETING_VERSION = 1.0;
				PRODUCT_BUNDLE_IDENTIFIER = com.Maru.MuMuDuckTests;
				PRODUCT_NAME = "$(TARGET_NAME)";
				SWIFT_EMIT_LOC_STRINGS = NO;
				SWIFT_VERSION = 5.0;
				TARGETED_DEVICE_FAMILY = "1,2";
				TEST_HOST = "$(BUILT_PRODUCTS_DIR)/MuMuDuck.app/$(BUNDLE_EXECUTABLE_FOLDER_PATH)/MuMuDuck";
			};
			name = Release;
		};
		FB22BF6C2D53A398003DBF28 /* Debug */ = {
			isa = XCBuildConfiguration;
			buildSettings = {
				CODE_SIGN_STYLE = Automatic;
				CURRENT_PROJECT_VERSION = 1;
				DEVELOPMENT_TEAM = 733A2RXB59;
				GENERATE_INFOPLIST_FILE = YES;
				MARKETING_VERSION = 1.0;
				PRODUCT_BUNDLE_IDENTIFIER = com.Maru.MuMuDuckUITests;
				PRODUCT_NAME = "$(TARGET_NAME)";
				SWIFT_EMIT_LOC_STRINGS = NO;
				SWIFT_VERSION = 5.0;
				TARGETED_DEVICE_FAMILY = "1,2";
				TEST_TARGET_NAME = MuMuDuck;
			};
			name = Debug;
		};
		FB22BF6D2D53A398003DBF28 /* Release */ = {
			isa = XCBuildConfiguration;
			buildSettings = {
				CODE_SIGN_STYLE = Automatic;
				CURRENT_PROJECT_VERSION = 1;
				DEVELOPMENT_TEAM = 733A2RXB59;
				GENERATE_INFOPLIST_FILE = YES;
				MARKETING_VERSION = 1.0;
				PRODUCT_BUNDLE_IDENTIFIER = com.Maru.MuMuDuckUITests;
				PRODUCT_NAME = "$(TARGET_NAME)";
				SWIFT_EMIT_LOC_STRINGS = NO;
				SWIFT_VERSION = 5.0;
				TARGETED_DEVICE_FAMILY = "1,2";
				TEST_TARGET_NAME = MuMuDuck;
			};
			name = Release;
		};
/* End XCBuildConfiguration section */

/* Begin XCConfigurationList section */
		FB22BF3C2D53A397003DBF28 /* Build configuration list for PBXProject "MuMuDuck" */ = {
			isa = XCConfigurationList;
			buildConfigurations = (
				FB22BF632D53A398003DBF28 /* Debug */,
				FB22BF642D53A398003DBF28 /* Release */,
			);
			defaultConfigurationIsVisible = 0;
			defaultConfigurationName = Release;
		};
		FB22BF652D53A398003DBF28 /* Build configuration list for PBXNativeTarget "MuMuDuck" */ = {
			isa = XCConfigurationList;
			buildConfigurations = (
				FB22BF662D53A398003DBF28 /* Debug */,
				FB22BF672D53A398003DBF28 /* Release */,
			);
			defaultConfigurationIsVisible = 0;
			defaultConfigurationName = Release;
		};
		FB22BF682D53A398003DBF28 /* Build configuration list for PBXNativeTarget "MuMuDuckTests" */ = {
			isa = XCConfigurationList;
			buildConfigurations = (
				FB22BF692D53A398003DBF28 /* Debug */,
				FB22BF6A2D53A398003DBF28 /* Release */,
			);
			defaultConfigurationIsVisible = 0;
			defaultConfigurationName = Release;
		};
		FB22BF6B2D53A398003DBF28 /* Build configuration list for PBXNativeTarget "MuMuDuckUITests" */ = {
			isa = XCConfigurationList;
			buildConfigurations = (
				FB22BF6C2D53A398003DBF28 /* Debug */,
				FB22BF6D2D53A398003DBF28 /* Release */,
			);
			defaultConfigurationIsVisible = 0;
			defaultConfigurationName = Release;
		};
/* End XCConfigurationList section */
	};
	rootObject = FB22BF392D53A397003DBF28 /* Project object */;
}
